
Microsoft Visual Studio Solution File, Format Version 12.00
# Visual Studio Version 17
VisualStudioVersion = 17.0.31903.59
MinimumVisualStudioVersion = 10.0.40219.1
Project("{FAE04EC0-301F-11D3-BF4B-00C04F79EFBC}") = "RuntimeIssue108447", "src\RuntimeIssue108447\RuntimeIssue108447.csproj", "{26C81E89-2AE5-4302-BCA1-20797F5E417E}"
EndProject
Global
	GlobalSection(SolutionConfigurationPlatforms) = preSolution
		Debug|Any CPU = Debug|Any CPU
		Release|Any CPU = Release|Any CPU
	EndGlobalSection
	GlobalSection(SolutionProperties) = preSolution
		HideSolutionNode = FALSE
	EndGlobalSection
	GlobalSection(ProjectConfigurationPlatforms) = postSolution
		{26C81E89-2AE5-4302-BCA1-20797F5E417E}.Debug|Any CPU.ActiveCfg = Debug|Any CPU
		{26C81E89-2AE5-4302-BCA1-20797F5E417E}.Debug|Any CPU.Build.0 = Debug|Any CPU
		{26C81E89-2AE5-4302-BCA1-20797F5E417E}.Release|Any CPU.ActiveCfg = Release|Any CPU
		{26C81E89-2AE5-4302-BCA1-20797F5E417E}.Release|Any CPU.Build.0 = Release|Any CPU
	EndGlobalSection
EndGlobal
